{
	"name": "my_website_template",
	"version": "0.0.1",
	"lockfileVersion": 2,
	"requires": true,
	"packages": {
		"": {
			"version": "0.0.1",
			"devDependencies": {
				"@sveltejs/adapter-static": "^1.0.0-next.48"
			}
		},
		"node_modules/@sveltejs/adapter-static": {
			"version": "1.0.0-next.48",
			"resolved": "https://registry.npmjs.org/@sveltejs/adapter-static/-/adapter-static-1.0.0-next.48.tgz",
			"integrity": "sha512-Z5Z+QZOav6D0KDeU3ReksGERJg/sX1k5OKWWXyQ11OwGErEEwSXHYRUyjaBmZEPeGzpVVGwwMUK8YWJlG/MKeA==",
			"dev": true
		}
	},
	"dependencies": {
		"@sveltejs/adapter-static": {
			"version": "1.0.0-next.48",
			"resolved": "https://registry.npmjs.org/@sveltejs/adapter-static/-/adapter-static-1.0.0-next.48.tgz",
			"integrity": "sha512-Z5Z+QZOav6D0KDeU3ReksGERJg/sX1k5OKWWXyQ11OwGErEEwSXHYRUyjaBmZEPeGzpVVGwwMUK8YWJlG/MKeA==",
			"dev": true
		}
	}
}
